
Microsoft Visual Studio Solution File, Format Version 12.00
# Visual Studio Version 16
VisualStudioVersion = 16.0.30804.86
MinimumVisualStudioVersion = 10.0.40219.1
Project("{9A19103F-16F7-4668-BE54-9A1E7A4F7556}") = "my-books", "my-books\my-books.csproj", "{571350E0-9962-41A0-9495-BA44ACF3499C}"
EndProject
Project("{FAE04EC0-301F-11D3-BF4B-00C04F79EFBC}") = "my-books-tests", "my-books-tests\my-books-tests.csproj", "{6219646B-8557-4B27-9950-8CF5FE427855}"
EndProject
Global
	GlobalSection(SolutionConfigurationPlatforms) = preSolution
		Debug|Any CPU = Debug|Any CPU
		Release|Any CPU = Release|Any CPU
	EndGlobalSection
	GlobalSection(ProjectConfigurationPlatforms) = postSolution
		{571350E0-9962-41A0-9495-BA44ACF3499C}.Debug|Any CPU.ActiveCfg = Debug|Any CPU
		{571350E0-9962-41A0-9495-BA44ACF3499C}.Debug|Any CPU.Build.0 = Debug|Any CPU
		{571350E0-9962-41A0-9495-BA44ACF3499C}.Release|Any CPU.ActiveCfg = Release|Any CPU
		{571350E0-9962-41A0-9495-BA44ACF3499C}.Release|Any CPU.Build.0 = Release|Any CPU
		{6219646B-8557-4B27-9950-8CF5FE427855}.Debug|Any CPU.ActiveCfg = Debug|Any CPU
		{6219646B-8557-4B27-9950-8CF5FE427855}.Debug|Any CPU.Build.0 = Debug|Any CPU
		{6219646B-8557-4B27-9950-8CF5FE427855}.Release|Any CPU.ActiveCfg = Release|Any CPU
		{6219646B-8557-4B27-9950-8CF5FE427855}.Release|Any CPU.Build.0 = Release|Any CPU
	EndGlobalSection
	GlobalSection(SolutionProperties) = preSolution
		HideSolutionNode = FALSE
	EndGlobalSection
	GlobalSection(ExtensibilityGlobals) = postSolution
		SolutionGuid = {D8F8C98E-7F86-48FD-A7C0-3BC314200164}
	EndGlobalSection
EndGlobal
